
Microsoft Visual Studio Solution File, Format Version 12.00
# Visual Studio Version 17
VisualStudioVersion = 17.7.34031.279
MinimumVisualStudioVersion = 10.0.40219.1
Project("{FAE04EC0-301F-11D3-BF4B-00C04F79EFBC}") = "INSCRIPCION_ESTUDIANTIL", "INSCRIPCION_ESTUDIANTIL\INSCRIPCION_ESTUDIANTIL.csproj", "{8712BAD3-A554-4483-83DB-2C8C42AB9D26}"
EndProject
Global
	GlobalSection(SolutionConfigurationPlatforms) = preSolution
		Debug|Any CPU = Debug|Any CPU
		Release|Any CPU = Release|Any CPU
	EndGlobalSection
	GlobalSection(ProjectConfigurationPlatforms) = postSolution
		{8712BAD3-A554-4483-83DB-2C8C42AB9D26}.Debug|Any CPU.ActiveCfg = Debug|Any CPU
		{8712BAD3-A554-4483-83DB-2C8C42AB9D26}.Debug|Any CPU.Build.0 = Debug|Any CPU
		{8712BAD3-A554-4483-83DB-2C8C42AB9D26}.Release|Any CPU.ActiveCfg = Release|Any CPU
		{8712BAD3-A554-4483-83DB-2C8C42AB9D26}.Release|Any CPU.Build.0 = Release|Any CPU
	EndGlobalSection
	GlobalSection(SolutionProperties) = preSolution
		HideSolutionNode = FALSE
	EndGlobalSection
	GlobalSection(ExtensibilityGlobals) = postSolution
		SolutionGuid = {FB5AAA7B-F4D7-4450-AF6A-E53F80D6DBC3}
	EndGlobalSection
EndGlobal
